<?xml version="1.0" encoding="utf-8"?>
<Project ToolsVersion="4.0" xmlns="http://schemas.microsoft.com/developer/msbuild/2003">
  <ItemGroup>
    <ClCompile Include="ming.c">
      <Filter>소스 파일</Filter>
    </ClCompile>
    <ClCompile Include="Juggling_Algo.c">
      <Filter>소스 파일</Filter>
    </ClCompile>
    <ClCompile Include="main.c">
      <Filter>소스 파일</Filter>
    </ClCompile>
  </ItemGroup>
  <ItemGroup>
    <ClInclude Include="ming.h">
      <Filter>헤더 파일</Filter>
    </ClInclude>
    <ClInclude Include="Juggling_Algo.h">
      <Filter>헤더 파일</Filter>
    </ClInclude>
  </ItemGroup>
  <ItemGroup>
    <Filter Include="소스 파일">
      <UniqueIdentifier>{4a0c2a06-0502-4aaf-a444-b8040af290d7}</UniqueIdentifier>
    </Filter>
    <Filter Include="헤더 파일">
      <UniqueIdentifier>{6bf2595e-6847-4dce-8a8b-fc6906e0f8eb}</UniqueIdentifier>
    </Filter>
  </ItemGroup>
</Project>